
Microsoft Visual Studio Solution File, Format Version 12.00
# Visual Studio Version 17
VisualStudioVersion = 17.1.32328.378
MinimumVisualStudioVersion = 10.0.40219.1
Project("{8BC9CEB8-8B4A-11D0-8D11-00A0C91BC942}") = "DSA_PracticalTask_3", "DSA_PracticalTask_3\DSA_PracticalTask_3.vcxproj", "{B894897B-1D15-4E63-B21E-FD7C4BF5C256}"
EndProject
Global
	GlobalSection(SolutionConfigurationPlatforms) = preSolution
		Debug|x64 = Debug|x64
		Debug|x86 = Debug|x86
		Release|x64 = Release|x64
		Release|x86 = Release|x86
	EndGlobalSection
	GlobalSection(ProjectConfigurationPlatforms) = postSolution
		{B894897B-1D15-4E63-B21E-FD7C4BF5C256}.Debug|x64.ActiveCfg = Debug|x64
		{B894897B-1D15-4E63-B21E-FD7C4BF5C256}.Debug|x64.Build.0 = Debug|x64
		{B894897B-1D15-4E63-B21E-FD7C4BF5C256}.Debug|x86.ActiveCfg = Debug|Win32
		{B894897B-1D15-4E63-B21E-FD7C4BF5C256}.Debug|x86.Build.0 = Debug|Win32
		{B894897B-1D15-4E63-B21E-FD7C4BF5C256}.Release|x64.ActiveCfg = Release|x64
		{B894897B-1D15-4E63-B21E-FD7C4BF5C256}.Release|x64.Build.0 = Release|x64
		{B894897B-1D15-4E63-B21E-FD7C4BF5C256}.Release|x86.ActiveCfg = Release|Win32
		{B894897B-1D15-4E63-B21E-FD7C4BF5C256}.Release|x86.Build.0 = Release|Win32
	EndGlobalSection
	GlobalSection(SolutionProperties) = preSolution
		HideSolutionNode = FALSE
	EndGlobalSection
	GlobalSection(ExtensibilityGlobals) = postSolution
		SolutionGuid = {9BDF3FF2-9B8C-4F54-BAA7-E126A220FA26}
	EndGlobalSection
EndGlobal
